
Microsoft Visual Studio Solution File, Format Version 12.00
# Visual Studio Version 17
VisualStudioVersion = 17.9.34728.123
MinimumVisualStudioVersion = 10.0.40219.1
Project("{FAE04EC0-301F-11D3-BF4B-00C04F79EFBC}") = "To-Do List", "To-Do List\To-Do List.csproj", "{DAADBC38-19B8-4FD3-96F8-9EE012F9E916}"
EndProject
Global
	GlobalSection(SolutionConfigurationPlatforms) = preSolution
		Debug|Any CPU = Debug|Any CPU
		Release|Any CPU = Release|Any CPU
	EndGlobalSection
	GlobalSection(ProjectConfigurationPlatforms) = postSolution
		{DAADBC38-19B8-4FD3-96F8-9EE012F9E916}.Debug|Any CPU.ActiveCfg = Debug|Any CPU
		{DAADBC38-19B8-4FD3-96F8-9EE012F9E916}.Debug|Any CPU.Build.0 = Debug|Any CPU
		{DAADBC38-19B8-4FD3-96F8-9EE012F9E916}.Release|Any CPU.ActiveCfg = Release|Any CPU
		{DAADBC38-19B8-4FD3-96F8-9EE012F9E916}.Release|Any CPU.Build.0 = Release|Any CPU
	EndGlobalSection
	GlobalSection(SolutionProperties) = preSolution
		HideSolutionNode = FALSE
	EndGlobalSection
	GlobalSection(ExtensibilityGlobals) = postSolution
		SolutionGuid = {784A61E5-3C0B-4167-99D5-9A5AAB9C0ACA}
	EndGlobalSection
EndGlobal
